
Microsoft Visual Studio Solution File, Format Version 12.00
# Visual Studio Version 16
VisualStudioVersion = 16.0.28822.285
MinimumVisualStudioVersion = 10.0.40219.1
Project("{9A19103F-16F7-4668-BE54-9A1E7A4F7556}") = "GeyserTuning", "GeyserTuning\GeyserTuning.csproj", "{92BA818A-A5E0-46B3-842F-9A1DAC3E0386}"
EndProject
Project("{9A19103F-16F7-4668-BE54-9A1E7A4F7556}") = "CritterTuning", "CritterTuning\CritterTuning.csproj", "{652571E3-0C09-46BF-921C-DD04508814AD}"
EndProject
Project("{9A19103F-16F7-4668-BE54-9A1E7A4F7556}") = "BuildingEnhancements", "BuildingEnhancements\BuildingEnhancements.csproj", "{E82D7766-2EBC-450C-B2AB-536714A5C3E6}"
EndProject
Project("{D954291E-2A0B-460D-934E-DC6B0785DB48}") = "Shared", "Shared\Shared.shproj", "{251A9FC8-B60A-43C2-B134-511ED1BB9723}"
EndProject
Project("{2150E333-8FDC-42A3-9474-1A3956D46DE8}") = "Solution Items", "Solution Items", "{272B6E54-DC07-4C9B-AC68-CB96082BDF80}"
	ProjectSection(SolutionItems) = preProject
		.editorconfig = .editorconfig
		Directory.Build.props = Directory.Build.props
		Directory.Build.targets = Directory.Build.targets
		mod_info.yaml = mod_info.yaml
	EndProjectSection
EndProject
Project("{9A19103F-16F7-4668-BE54-9A1E7A4F7556}") = "LumosMaxima", "LumosMaxima\LumosMaxima.csproj", "{A20B2E04-7531-49F4-89A9-3259BF3BC96B}"
EndProject
Project("{9A19103F-16F7-4668-BE54-9A1E7A4F7556}") = "ConfigurablePipes", "PipedOutput\ConfigurablePipes.csproj", "{F44E4997-9779-4715-8D16-179D522ED490}"
EndProject
Global
	GlobalSection(SharedMSBuildProjectFiles) = preSolution
		Shared\Shared.projitems*{251a9fc8-b60a-43c2-b134-511ed1bb9723}*SharedItemsImports = 13
		Shared\Shared.projitems*{92ba818a-a5e0-46b3-842f-9a1dac3e0386}*SharedItemsImports = 5
	EndGlobalSection
	GlobalSection(SolutionConfigurationPlatforms) = preSolution
		Debug|Any CPU = Debug|Any CPU
		Release|Any CPU = Release|Any CPU
	EndGlobalSection
	GlobalSection(ProjectConfigurationPlatforms) = postSolution
		{92BA818A-A5E0-46B3-842F-9A1DAC3E0386}.Debug|Any CPU.ActiveCfg = Debug|Any CPU
		{92BA818A-A5E0-46B3-842F-9A1DAC3E0386}.Debug|Any CPU.Build.0 = Debug|Any CPU
		{92BA818A-A5E0-46B3-842F-9A1DAC3E0386}.Release|Any CPU.ActiveCfg = Release|Any CPU
		{92BA818A-A5E0-46B3-842F-9A1DAC3E0386}.Release|Any CPU.Build.0 = Release|Any CPU
		{652571E3-0C09-46BF-921C-DD04508814AD}.Debug|Any CPU.ActiveCfg = Debug|Any CPU
		{652571E3-0C09-46BF-921C-DD04508814AD}.Debug|Any CPU.Build.0 = Debug|Any CPU
		{652571E3-0C09-46BF-921C-DD04508814AD}.Release|Any CPU.ActiveCfg = Release|Any CPU
		{652571E3-0C09-46BF-921C-DD04508814AD}.Release|Any CPU.Build.0 = Release|Any CPU
		{E82D7766-2EBC-450C-B2AB-536714A5C3E6}.Debug|Any CPU.ActiveCfg = Debug|Any CPU
		{E82D7766-2EBC-450C-B2AB-536714A5C3E6}.Debug|Any CPU.Build.0 = Debug|Any CPU
		{E82D7766-2EBC-450C-B2AB-536714A5C3E6}.Release|Any CPU.ActiveCfg = Release|Any CPU
		{E82D7766-2EBC-450C-B2AB-536714A5C3E6}.Release|Any CPU.Build.0 = Release|Any CPU
		{A20B2E04-7531-49F4-89A9-3259BF3BC96B}.Debug|Any CPU.ActiveCfg = Debug|Any CPU
		{A20B2E04-7531-49F4-89A9-3259BF3BC96B}.Debug|Any CPU.Build.0 = Debug|Any CPU
		{A20B2E04-7531-49F4-89A9-3259BF3BC96B}.Release|Any CPU.ActiveCfg = Release|Any CPU
		{A20B2E04-7531-49F4-89A9-3259BF3BC96B}.Release|Any CPU.Build.0 = Release|Any CPU
		{F44E4997-9779-4715-8D16-179D522ED490}.Debug|Any CPU.ActiveCfg = Debug|Any CPU
		{F44E4997-9779-4715-8D16-179D522ED490}.Debug|Any CPU.Build.0 = Debug|Any CPU
		{F44E4997-9779-4715-8D16-179D522ED490}.Release|Any CPU.ActiveCfg = Release|Any CPU
		{F44E4997-9779-4715-8D16-179D522ED490}.Release|Any CPU.Build.0 = Release|Any CPU
	EndGlobalSection
	GlobalSection(SolutionProperties) = preSolution
		HideSolutionNode = FALSE
	EndGlobalSection
	GlobalSection(ExtensibilityGlobals) = postSolution
		SolutionGuid = {6CEFCEE4-36D3-49A3-89B4-2B4AA89212FA}
	EndGlobalSection
EndGlobal
